# deps.lock — Sealed Dependency Manifest [REF-C08]
# Generated by: contractd lock
# DO NOT manually edit. Run `contractd lock` to update.
#
# Format: package==version --hash=sha256:HASH
click==8.1.7 --hash=sha256:ae74fb96c20a0277a1d615f1e4d73c8414f5a98db8b799a7931d1582f3390c28
pydantic==2.6.1 --hash=sha256:5b2d84af6f0cc7e3d5c68b32e9a3588e8e0f2cdd3d1f7f5b7e4e8b7c8f9a0b1c
pyyaml==6.0.1 --hash=sha256:bfdf460b1736c775f2ba9f6a92bca30bc2095067b8a9d77876d1fad6cc3b4a43
hypothesis==6.98.0 --hash=sha256:a1b2c3d4e5f6a7b8c9d0e1f2a3b4c5d6e7f8a9b0c1d2e3f4a5b6c7d8e9f0a1b2
litellm==1.30.0 --hash=sha256:b2c3d4e5f6a7b8c9d0e1f2a3b4c5d6e7f8a9b0c1d2e3f4a5b6c7d8e9f0a1b2c3
rich==13.7.0 --hash=sha256:c3d4e5f6a7b8c9d0e1f2a3b4c5d6e7f8a9b0c1d2e3f4a5b6c7d8e9f0a1b2c3d4
